
Microsoft Visual Studio Solution File, Format Version 12.00
# Visual Studio 14
VisualStudioVersion = 14.0.25420.1
MinimumVisualStudioVersion = 10.0.40219.1
Project("{FAE04EC0-301F-11D3-BF4B-00C04F79EFBC}") = "WatermentWebSCADA", "WatermentWebSCADA\WatermentWebSCADA.csproj", "{B1D453A3-5044-4D3C-A98A-F7B1C104AA5F}"
EndProject
Project("{FAE04EC0-301F-11D3-BF4B-00C04F79EFBC}") = "Identity.Models", "Identity.Models\Identity.Models.csproj", "{509DF2BA-93F6-4DF9-B72D-B215EB609723}"
EndProject
Project("{F088123C-0E9E-452A-89E6-6BA2F21D5CAC}") = "ModelingProject2", "ModelingProject2\ModelingProject2.modelproj", "{EE04274A-3FC5-4FC6-A343-E115443E1357}"
EndProject
Global
	GlobalSection(SolutionConfigurationPlatforms) = preSolution
		Debug|Any CPU = Debug|Any CPU
		Release|Any CPU = Release|Any CPU
	EndGlobalSection
	GlobalSection(ProjectConfigurationPlatforms) = postSolution
		{B1D453A3-5044-4D3C-A98A-F7B1C104AA5F}.Debug|Any CPU.ActiveCfg = Debug|Any CPU
		{B1D453A3-5044-4D3C-A98A-F7B1C104AA5F}.Debug|Any CPU.Build.0 = Debug|Any CPU
		{B1D453A3-5044-4D3C-A98A-F7B1C104AA5F}.Release|Any CPU.ActiveCfg = Release|Any CPU
		{B1D453A3-5044-4D3C-A98A-F7B1C104AA5F}.Release|Any CPU.Build.0 = Release|Any CPU
		{509DF2BA-93F6-4DF9-B72D-B215EB609723}.Debug|Any CPU.ActiveCfg = Debug|Any CPU
		{509DF2BA-93F6-4DF9-B72D-B215EB609723}.Debug|Any CPU.Build.0 = Debug|Any CPU
		{509DF2BA-93F6-4DF9-B72D-B215EB609723}.Release|Any CPU.ActiveCfg = Release|Any CPU
		{509DF2BA-93F6-4DF9-B72D-B215EB609723}.Release|Any CPU.Build.0 = Release|Any CPU
		{EE04274A-3FC5-4FC6-A343-E115443E1357}.Debug|Any CPU.ActiveCfg = Debug|Any CPU
		{EE04274A-3FC5-4FC6-A343-E115443E1357}.Debug|Any CPU.Build.0 = Debug|Any CPU
		{EE04274A-3FC5-4FC6-A343-E115443E1357}.Release|Any CPU.ActiveCfg = Release|Any CPU
		{EE04274A-3FC5-4FC6-A343-E115443E1357}.Release|Any CPU.Build.0 = Release|Any CPU
	EndGlobalSection
	GlobalSection(SolutionProperties) = preSolution
		HideSolutionNode = FALSE
	EndGlobalSection
EndGlobal
